
Microsoft Visual Studio Solution File, Format Version 12.00
# Visual Studio Version 16
VisualStudioVersion = 16.0.30523.141
MinimumVisualStudioVersion = 10.0.40219.1
Project("{FAE04EC0-301F-11D3-BF4B-00C04F79EFBC}") = "測試DocFX", "測試DocFX\測試DocFX.csproj", "{8E9703A7-2773-4781-8F6A-187D263745DE}"
EndProject
Project("{FAE04EC0-301F-11D3-BF4B-00C04F79EFBC}") = "EXDocFX", "EXDocFX\EXDocFX.csproj", "{603E6CEE-D8B3-42D2-B7D2-D10659C98410}"
EndProject
Global
	GlobalSection(SolutionConfigurationPlatforms) = preSolution
		Debug|Any CPU = Debug|Any CPU
		Release|Any CPU = Release|Any CPU
	EndGlobalSection
	GlobalSection(ProjectConfigurationPlatforms) = postSolution
		{8E9703A7-2773-4781-8F6A-187D263745DE}.Debug|Any CPU.ActiveCfg = Debug|Any CPU
		{8E9703A7-2773-4781-8F6A-187D263745DE}.Debug|Any CPU.Build.0 = Debug|Any CPU
		{8E9703A7-2773-4781-8F6A-187D263745DE}.Release|Any CPU.ActiveCfg = Release|Any CPU
		{8E9703A7-2773-4781-8F6A-187D263745DE}.Release|Any CPU.Build.0 = Release|Any CPU
		{603E6CEE-D8B3-42D2-B7D2-D10659C98410}.Debug|Any CPU.ActiveCfg = Debug|Any CPU
		{603E6CEE-D8B3-42D2-B7D2-D10659C98410}.Release|Any CPU.ActiveCfg = Release|Any CPU
		{603E6CEE-D8B3-42D2-B7D2-D10659C98410}.Release|Any CPU.Build.0 = Release|Any CPU
	EndGlobalSection
	GlobalSection(SolutionProperties) = preSolution
		HideSolutionNode = FALSE
	EndGlobalSection
	GlobalSection(ExtensibilityGlobals) = postSolution
		SolutionGuid = {CD346009-95EA-4214-A612-DA36239964F3}
	EndGlobalSection
EndGlobal
